{
    "_readme": [
        "This file locks the dependencies of your project to a known state",
        "Read more about it at https://getcomposer.org/doc/01-basic-usage.md#installing-dependencies",
        "This file is @generated automatically"
    ],
    "content-hash": "d63ab40e9daee3098035bd9306aef4da",
    "packages": [],
    "packages-dev": [],
    "aliases": [],
    "minimum-stability": "stable",
    "stability-flags": {},
    "prefer-stable": true,
    "prefer-lowest": false,
    "platform": {
        "php": "^8.5",
        "ext-bcmath": "*",
        "ext-ctype": "*"
    },
    "platform-dev": {},
    "plugin-api-version": "2.9.0"
}
